
Microsoft Visual Studio Solution File, Format Version 12.00
# Visual Studio Version 17
VisualStudioVersion = 17.0.31903.59
MinimumVisualStudioVersion = 10.0.40219.1
Project("{2150E333-8FDC-42A3-9474-1A3956D46DE8}") = "src", "src", "{827E0CD3-B72D-47B6-A68D-7590B98EB39B}"
EndProject
Project("{2150E333-8FDC-42A3-9474-1A3956D46DE8}") = "Accounts", "Accounts", "{A3AC93A5-4512-48EA-6F7F-18FAB7D90316}"
EndProject
Project("{FAE04EC0-301F-11D3-BF4B-00C04F79EFBC}") = "Vwp.Accounts.Api", "src\Accounts\Vwp.Accounts.Api\Vwp.Accounts.Api.csproj", "{871541B4-E258-451D-92E3-6636C648AF67}"
EndProject
Project("{2150E333-8FDC-42A3-9474-1A3956D46DE8}") = "Financials", "Financials", "{07F69192-5FBD-FC73-705D-1F89146F0E61}"
EndProject
Project("{FAE04EC0-301F-11D3-BF4B-00C04F79EFBC}") = "Vwp.Financials.Api", "src\Financials\Vwp.Financials.Api\Vwp.Financials.Api.csproj", "{A2CB513D-D761-4CC7-9CBD-55287DCF9947}"
EndProject
Project("{2150E333-8FDC-42A3-9474-1A3956D46DE8}") = "Cases", "Cases", "{6622E308-A74E-FFFC-54E3-288A0D9C8A8D}"
EndProject
Project("{FAE04EC0-301F-11D3-BF4B-00C04F79EFBC}") = "Vwp.Cases.Api", "src\Cases\Vwp.Cases.Api\Vwp.Cases.Api.csproj", "{B612562B-E757-4FCA-B6F6-3F92F5FB83E0}"
EndProject
Project("{2150E333-8FDC-42A3-9474-1A3956D46DE8}") = "Notifications", "Notifications", "{A504C204-FD22-942F-D65C-55CCF1DF20A3}"
EndProject
Project("{FAE04EC0-301F-11D3-BF4B-00C04F79EFBC}") = "Vwp.Notifications.Api", "src\Notifications\Vwp.Notifications.Api\Vwp.Notifications.Api.csproj", "{B69913FA-E86B-4BA1-90DB-02528A4B35F7}"
EndProject
Project("{2150E333-8FDC-42A3-9474-1A3956D46DE8}") = "Shared", "Shared", "{C8E42992-5E42-0C2B-DBFE-AA848D06431C}"
EndProject
Project("{FAE04EC0-301F-11D3-BF4B-00C04F79EFBC}") = "Vwp.DataAccess", "src\Shared\Vwp.DataAccess\Vwp.DataAccess.csproj", "{A09B68A2-DCFB-4496-89F4-8113D85276A4}"
EndProject
Project("{2150E333-8FDC-42A3-9474-1A3956D46DE8}") = "Datalake", "Datalake", "{709042CD-0E1D-C2EC-E4E5-2D718AFC5B2D}"
EndProject
Project("{FAE04EC0-301F-11D3-BF4B-00C04F79EFBC}") = "Vwp.Datalake.SqlServer", "src\Datalake\Vwp.Datalake.SqlServer\Vwp.Datalake.SqlServer.csproj", "{870A2A01-D107-4A18-A598-5B170E9FC6F9}"
EndProject
Project("{FAE04EC0-301F-11D3-BF4B-00C04F79EFBC}") = "Vwp.Datalake.Postgres", "src\Datalake\Vwp.Datalake.Postgres\Vwp.Datalake.Postgres.csproj", "{2F8DD326-CB84-4CE9-8B9F-4504F153787C}"
EndProject
Global
	GlobalSection(SolutionConfigurationPlatforms) = preSolution
		Debug|Any CPU = Debug|Any CPU
		Debug|x64 = Debug|x64
		Debug|x86 = Debug|x86
		Release|Any CPU = Release|Any CPU
		Release|x64 = Release|x64
		Release|x86 = Release|x86
	EndGlobalSection
	GlobalSection(ProjectConfigurationPlatforms) = postSolution
		{871541B4-E258-451D-92E3-6636C648AF67}.Debug|Any CPU.ActiveCfg = Debug|Any CPU
		{871541B4-E258-451D-92E3-6636C648AF67}.Debug|Any CPU.Build.0 = Debug|Any CPU
		{871541B4-E258-451D-92E3-6636C648AF67}.Debug|x64.ActiveCfg = Debug|Any CPU
		{871541B4-E258-451D-92E3-6636C648AF67}.Debug|x64.Build.0 = Debug|Any CPU
		{871541B4-E258-451D-92E3-6636C648AF67}.Debug|x86.ActiveCfg = Debug|Any CPU
		{871541B4-E258-451D-92E3-6636C648AF67}.Debug|x86.Build.0 = Debug|Any CPU
		{871541B4-E258-451D-92E3-6636C648AF67}.Release|Any CPU.ActiveCfg = Release|Any CPU
		{871541B4-E258-451D-92E3-6636C648AF67}.Release|Any CPU.Build.0 = Release|Any CPU
		{871541B4-E258-451D-92E3-6636C648AF67}.Release|x64.ActiveCfg = Release|Any CPU
		{871541B4-E258-451D-92E3-6636C648AF67}.Release|x64.Build.0 = Release|Any CPU
		{871541B4-E258-451D-92E3-6636C648AF67}.Release|x86.ActiveCfg = Release|Any CPU
		{871541B4-E258-451D-92E3-6636C648AF67}.Release|x86.Build.0 = Release|Any CPU
		{A2CB513D-D761-4CC7-9CBD-55287DCF9947}.Debug|Any CPU.ActiveCfg = Debug|Any CPU
		{A2CB513D-D761-4CC7-9CBD-55287DCF9947}.Debug|Any CPU.Build.0 = Debug|Any CPU
		{A2CB513D-D761-4CC7-9CBD-55287DCF9947}.Debug|x64.ActiveCfg = Debug|Any CPU
		{A2CB513D-D761-4CC7-9CBD-55287DCF9947}.Debug|x64.Build.0 = Debug|Any CPU
		{A2CB513D-D761-4CC7-9CBD-55287DCF9947}.Debug|x86.ActiveCfg = Debug|Any CPU
		{A2CB513D-D761-4CC7-9CBD-55287DCF9947}.Debug|x86.Build.0 = Debug|Any CPU
		{A2CB513D-D761-4CC7-9CBD-55287DCF9947}.Release|Any CPU.ActiveCfg = Release|Any CPU
		{A2CB513D-D761-4CC7-9CBD-55287DCF9947}.Release|Any CPU.Build.0 = Release|Any CPU
		{A2CB513D-D761-4CC7-9CBD-55287DCF9947}.Release|x64.ActiveCfg = Release|Any CPU
		{A2CB513D-D761-4CC7-9CBD-55287DCF9947}.Release|x64.Build.0 = Release|Any CPU
		{A2CB513D-D761-4CC7-9CBD-55287DCF9947}.Release|x86.ActiveCfg = Release|Any CPU
		{A2CB513D-D761-4CC7-9CBD-55287DCF9947}.Release|x86.Build.0 = Release|Any CPU
		{B612562B-E757-4FCA-B6F6-3F92F5FB83E0}.Debug|Any CPU.ActiveCfg = Debug|Any CPU
		{B612562B-E757-4FCA-B6F6-3F92F5FB83E0}.Debug|Any CPU.Build.0 = Debug|Any CPU
		{B612562B-E757-4FCA-B6F6-3F92F5FB83E0}.Debug|x64.ActiveCfg = Debug|Any CPU
		{B612562B-E757-4FCA-B6F6-3F92F5FB83E0}.Debug|x64.Build.0 = Debug|Any CPU
		{B612562B-E757-4FCA-B6F6-3F92F5FB83E0}.Debug|x86.ActiveCfg = Debug|Any CPU
		{B612562B-E757-4FCA-B6F6-3F92F5FB83E0}.Debug|x86.Build.0 = Debug|Any CPU
		{B612562B-E757-4FCA-B6F6-3F92F5FB83E0}.Release|Any CPU.ActiveCfg = Release|Any CPU
		{B612562B-E757-4FCA-B6F6-3F92F5FB83E0}.Release|Any CPU.Build.0 = Release|Any CPU
		{B612562B-E757-4FCA-B6F6-3F92F5FB83E0}.Release|x64.ActiveCfg = Release|Any CPU
		{B612562B-E757-4FCA-B6F6-3F92F5FB83E0}.Release|x64.Build.0 = Release|Any CPU
		{B612562B-E757-4FCA-B6F6-3F92F5FB83E0}.Release|x86.ActiveCfg = Release|Any CPU
		{B612562B-E757-4FCA-B6F6-3F92F5FB83E0}.Release|x86.Build.0 = Release|Any CPU
		{B69913FA-E86B-4BA1-90DB-02528A4B35F7}.Debug|Any CPU.ActiveCfg = Debug|Any CPU
		{B69913FA-E86B-4BA1-90DB-02528A4B35F7}.Debug|Any CPU.Build.0 = Debug|Any CPU
		{B69913FA-E86B-4BA1-90DB-02528A4B35F7}.Debug|x64.ActiveCfg = Debug|Any CPU
		{B69913FA-E86B-4BA1-90DB-02528A4B35F7}.Debug|x64.Build.0 = Debug|Any CPU
		{B69913FA-E86B-4BA1-90DB-02528A4B35F7}.Debug|x86.ActiveCfg = Debug|Any CPU
		{B69913FA-E86B-4BA1-90DB-02528A4B35F7}.Debug|x86.Build.0 = Debug|Any CPU
		{B69913FA-E86B-4BA1-90DB-02528A4B35F7}.Release|Any CPU.ActiveCfg = Release|Any CPU
		{B69913FA-E86B-4BA1-90DB-02528A4B35F7}.Release|Any CPU.Build.0 = Release|Any CPU
		{B69913FA-E86B-4BA1-90DB-02528A4B35F7}.Release|x64.ActiveCfg = Release|Any CPU
		{B69913FA-E86B-4BA1-90DB-02528A4B35F7}.Release|x64.Build.0 = Release|Any CPU
		{B69913FA-E86B-4BA1-90DB-02528A4B35F7}.Release|x86.ActiveCfg = Release|Any CPU
		{B69913FA-E86B-4BA1-90DB-02528A4B35F7}.Release|x86.Build.0 = Release|Any CPU
		{A09B68A2-DCFB-4496-89F4-8113D85276A4}.Debug|Any CPU.ActiveCfg = Debug|Any CPU
		{A09B68A2-DCFB-4496-89F4-8113D85276A4}.Debug|Any CPU.Build.0 = Debug|Any CPU
		{A09B68A2-DCFB-4496-89F4-8113D85276A4}.Debug|x64.ActiveCfg = Debug|Any CPU
		{A09B68A2-DCFB-4496-89F4-8113D85276A4}.Debug|x64.Build.0 = Debug|Any CPU
		{A09B68A2-DCFB-4496-89F4-8113D85276A4}.Debug|x86.ActiveCfg = Debug|Any CPU
		{A09B68A2-DCFB-4496-89F4-8113D85276A4}.Debug|x86.Build.0 = Debug|Any CPU
		{A09B68A2-DCFB-4496-89F4-8113D85276A4}.Release|Any CPU.ActiveCfg = Release|Any CPU
		{A09B68A2-DCFB-4496-89F4-8113D85276A4}.Release|Any CPU.Build.0 = Release|Any CPU
		{A09B68A2-DCFB-4496-89F4-8113D85276A4}.Release|x64.ActiveCfg = Release|Any CPU
		{A09B68A2-DCFB-4496-89F4-8113D85276A4}.Release|x64.Build.0 = Release|Any CPU
		{A09B68A2-DCFB-4496-89F4-8113D85276A4}.Release|x86.ActiveCfg = Release|Any CPU
		{A09B68A2-DCFB-4496-89F4-8113D85276A4}.Release|x86.Build.0 = Release|Any CPU
		{870A2A01-D107-4A18-A598-5B170E9FC6F9}.Debug|Any CPU.ActiveCfg = Debug|Any CPU
		{870A2A01-D107-4A18-A598-5B170E9FC6F9}.Debug|Any CPU.Build.0 = Debug|Any CPU
		{870A2A01-D107-4A18-A598-5B170E9FC6F9}.Debug|x64.ActiveCfg = Debug|Any CPU
		{870A2A01-D107-4A18-A598-5B170E9FC6F9}.Debug|x64.Build.0 = Debug|Any CPU
		{870A2A01-D107-4A18-A598-5B170E9FC6F9}.Debug|x86.ActiveCfg = Debug|Any CPU
		{870A2A01-D107-4A18-A598-5B170E9FC6F9}.Debug|x86.Build.0 = Debug|Any CPU
		{870A2A01-D107-4A18-A598-5B170E9FC6F9}.Release|Any CPU.ActiveCfg = Release|Any CPU
		{870A2A01-D107-4A18-A598-5B170E9FC6F9}.Release|Any CPU.Build.0 = Release|Any CPU
		{870A2A01-D107-4A18-A598-5B170E9FC6F9}.Release|x64.ActiveCfg = Release|Any CPU
		{870A2A01-D107-4A18-A598-5B170E9FC6F9}.Release|x64.Build.0 = Release|Any CPU
		{870A2A01-D107-4A18-A598-5B170E9FC6F9}.Release|x86.ActiveCfg = Release|Any CPU
		{870A2A01-D107-4A18-A598-5B170E9FC6F9}.Release|x86.Build.0 = Release|Any CPU
		{2F8DD326-CB84-4CE9-8B9F-4504F153787C}.Debug|Any CPU.ActiveCfg = Debug|Any CPU
		{2F8DD326-CB84-4CE9-8B9F-4504F153787C}.Debug|Any CPU.Build.0 = Debug|Any CPU
		{2F8DD326-CB84-4CE9-8B9F-4504F153787C}.Debug|x64.ActiveCfg = Debug|Any CPU
		{2F8DD326-CB84-4CE9-8B9F-4504F153787C}.Debug|x64.Build.0 = Debug|Any CPU
		{2F8DD326-CB84-4CE9-8B9F-4504F153787C}.Debug|x86.ActiveCfg = Debug|Any CPU
		{2F8DD326-CB84-4CE9-8B9F-4504F153787C}.Debug|x86.Build.0 = Debug|Any CPU
		{2F8DD326-CB84-4CE9-8B9F-4504F153787C}.Release|Any CPU.ActiveCfg = Release|Any CPU
		{2F8DD326-CB84-4CE9-8B9F-4504F153787C}.Release|Any CPU.Build.0 = Release|Any CPU
		{2F8DD326-CB84-4CE9-8B9F-4504F153787C}.Release|x64.ActiveCfg = Release|Any CPU
		{2F8DD326-CB84-4CE9-8B9F-4504F153787C}.Release|x64.Build.0 = Release|Any CPU
		{2F8DD326-CB84-4CE9-8B9F-4504F153787C}.Release|x86.ActiveCfg = Release|Any CPU
		{2F8DD326-CB84-4CE9-8B9F-4504F153787C}.Release|x86.Build.0 = Release|Any CPU
	EndGlobalSection
	GlobalSection(SolutionProperties) = preSolution
		HideSolutionNode = FALSE
	EndGlobalSection
	GlobalSection(NestedProjects) = preSolution
		{A3AC93A5-4512-48EA-6F7F-18FAB7D90316} = {827E0CD3-B72D-47B6-A68D-7590B98EB39B}
		{871541B4-E258-451D-92E3-6636C648AF67} = {A3AC93A5-4512-48EA-6F7F-18FAB7D90316}
		{07F69192-5FBD-FC73-705D-1F89146F0E61} = {827E0CD3-B72D-47B6-A68D-7590B98EB39B}
		{A2CB513D-D761-4CC7-9CBD-55287DCF9947} = {07F69192-5FBD-FC73-705D-1F89146F0E61}
		{6622E308-A74E-FFFC-54E3-288A0D9C8A8D} = {827E0CD3-B72D-47B6-A68D-7590B98EB39B}
		{B612562B-E757-4FCA-B6F6-3F92F5FB83E0} = {6622E308-A74E-FFFC-54E3-288A0D9C8A8D}
		{A504C204-FD22-942F-D65C-55CCF1DF20A3} = {827E0CD3-B72D-47B6-A68D-7590B98EB39B}
		{B69913FA-E86B-4BA1-90DB-02528A4B35F7} = {A504C204-FD22-942F-D65C-55CCF1DF20A3}
		{C8E42992-5E42-0C2B-DBFE-AA848D06431C} = {827E0CD3-B72D-47B6-A68D-7590B98EB39B}
		{A09B68A2-DCFB-4496-89F4-8113D85276A4} = {C8E42992-5E42-0C2B-DBFE-AA848D06431C}
		{709042CD-0E1D-C2EC-E4E5-2D718AFC5B2D} = {827E0CD3-B72D-47B6-A68D-7590B98EB39B}
		{870A2A01-D107-4A18-A598-5B170E9FC6F9} = {709042CD-0E1D-C2EC-E4E5-2D718AFC5B2D}
		{2F8DD326-CB84-4CE9-8B9F-4504F153787C} = {709042CD-0E1D-C2EC-E4E5-2D718AFC5B2D}
	EndGlobalSection
EndGlobal
